
Microsoft Visual Studio Solution File, Format Version 12.00
# Visual Studio Version 17
VisualStudioVersion = 17.8.34322.80
MinimumVisualStudioVersion = 10.0.40219.1
Project("{9A19103F-16F7-4668-BE54-9A1E7A4F7556}") = "sogetel-coreui-bootstrap", "sogetel-coreui-bootstrap\sogetel-coreui-bootstrap.csproj", "{FAE529E8-0DEF-4CD1-9A09-A667BF39C567}"
EndProject
Global
	GlobalSection(SolutionConfigurationPlatforms) = preSolution
		Debug|Any CPU = Debug|Any CPU
		Release|Any CPU = Release|Any CPU
	EndGlobalSection
	GlobalSection(ProjectConfigurationPlatforms) = postSolution
		{FAE529E8-0DEF-4CD1-9A09-A667BF39C567}.Debug|Any CPU.ActiveCfg = Debug|Any CPU
		{FAE529E8-0DEF-4CD1-9A09-A667BF39C567}.Debug|Any CPU.Build.0 = Debug|Any CPU
		{FAE529E8-0DEF-4CD1-9A09-A667BF39C567}.Release|Any CPU.ActiveCfg = Release|Any CPU
		{FAE529E8-0DEF-4CD1-9A09-A667BF39C567}.Release|Any CPU.Build.0 = Release|Any CPU
	EndGlobalSection
	GlobalSection(SolutionProperties) = preSolution
		HideSolutionNode = FALSE
	EndGlobalSection
	GlobalSection(ExtensibilityGlobals) = postSolution
		SolutionGuid = {8CB9CDD1-7315-4840-88A2-BA17165BE6DE}
	EndGlobalSection
EndGlobal
